<?xml version="1.0" encoding="utf-8"?>
<Project ToolsVersion="4.0" xmlns="http://schemas.microsoft.com/developer/msbuild/2003">
  <ItemGroup>
    <Filter Include="Source Files">
      <UniqueIdentifier>{4FC737F1-C7A5-4376-A066-2A32D752A2FF}</UniqueIdentifier>
      <Extensions>cpp;c;cc;cxx;def;odl;idl;hpj;bat;asm;asmx</Extensions>
    </Filter>
    <Filter Include="Header Files">
      <UniqueIdentifier>{93995380-89BD-4b04-88EB-625FBE52EBFB}</UniqueIdentifier>
      <Extensions>h;hpp;hxx;hm;inl;inc;xsd</Extensions>
    </Filter>
    <Filter Include="Resource Files">
      <UniqueIdentifier>{67DA6AB6-F800-4c08-8B7A-83BB121AAD01}</UniqueIdentifier>
      <Extensions>rc;ico;cur;bmp;dlg;rc2;rct;bin;rgs;gif;jpg;jpeg;jpe;resx;tiff;tif;png;wav;mfcribbon-ms</Extensions>
    </Filter>
    <Filter Include="Header Files\Enemy">
      <UniqueIdentifier>{53d380f3-6b58-4e61-8cd9-ff80adc3df65}</UniqueIdentifier>
    </Filter>
    <Filter Include="Header Files\Map">
      <UniqueIdentifier>{9949a902-7ec9-4d15-bf0b-2e9a881fcd6a}</UniqueIdentifier>
    </Filter>
    <Filter Include="Header Files\Not Mine">
      <UniqueIdentifier>{b26849f1-7df0-4c8e-a42c-f8c9fae70baa}</UniqueIdentifier>
    </Filter>
    <Filter Include="Header Files\Rendering">
      <UniqueIdentifier>{1586efda-ab4e-4944-9573-96ad4703f762}</UniqueIdentifier>
    </Filter>
    <Filter Include="Header Files\Player">
      <UniqueIdentifier>{befc8059-f229-4afd-9124-5c5b3fe8bcb4}</UniqueIdentifier>
    </Filter>
    <Filter Include="Header Files\Resources">
      <UniqueIdentifier>{c68384a7-3e4b-4315-a8c5-5a871f0b4429}</UniqueIdentifier>
    </Filter>
    <Filter Include="Header Files\Skeleton">
      <UniqueIdentifier>{b0060fdb-95ee-4c1a-bee3-fdabd4d85a7b}</UniqueIdentifier>
    </Filter>
    <Filter Include="Header Files\UI">
      <UniqueIdentifier>{e457cb9e-a28c-4cd9-87a3-f5c29e172b85}</UniqueIdentifier>
    </Filter>
    <Filter Include="Source Files\UI">
      <UniqueIdentifier>{bb89d791-b2ee-4853-9beb-4e0bf93e8801}</UniqueIdentifier>
    </Filter>
    <Filter Include="Source Files\Rendering">
      <UniqueIdentifier>{4846c4e6-3aaf-4167-a4d7-dbc1c39316fb}</UniqueIdentifier>
    </Filter>
    <Filter Include="Source Files\Resources">
      <UniqueIdentifier>{5705f9bb-baa5-4e8e-bced-f8504d71ae0f}</UniqueIdentifier>
    </Filter>
    <Filter Include="Source Files\Skeleton">
      <UniqueIdentifier>{cebd3938-a4cc-4518-a006-882185c62ca9}</UniqueIdentifier>
    </Filter>
    <Filter Include="Source Files\Player">
      <UniqueIdentifier>{d8546890-7db6-462b-b395-01b415317f24}</UniqueIdentifier>
    </Filter>
    <Filter Include="Source Files\Map">
      <UniqueIdentifier>{d54f0c30-f63c-4e8f-9feb-6f23dd1cfa91}</UniqueIdentifier>
    </Filter>
    <Filter Include="Source Files\Enemy">
      <UniqueIdentifier>{62368810-c54c-4c8d-9d90-611c604703fe}</UniqueIdentifier>
    </Filter>
  </ItemGroup>
  <ItemGroup>
    <ClCompile Include="scl_input_manager.cpp">
      <Filter>Source Files</Filter>
    </ClCompile>
    <ClCompile Include="scl_main.cpp">
      <Filter>Source Files</Filter>
    </ClCompile>
    <ClCompile Include="main.cpp">
      <Filter>Source Files</Filter>
    </ClCompile>
    <ClCompile Include="scl_text.cpp">
      <Filter>Source Files\UI</Filter>
    </ClCompile>
    <ClCompile Include="scl_ui_manager.cpp">
      <Filter>Source Files\UI</Filter>
    </ClCompile>
    <ClCompile Include="scl_game_object.cpp">
      <Filter>Source Files\Skeleton</Filter>
    </ClCompile>
    <ClCompile Include="scl_grid.cpp">
      <Filter>Source Files\Skeleton</Filter>
    </ClCompile>
    <ClCompile Include="scl_random.cpp">
      <Filter>Source Files\Skeleton</Filter>
    </ClCompile>
    <ClCompile Include="scl_game_manager.cpp">
      <Filter>Source Files</Filter>
    </ClCompile>
    <ClCompile Include="scl_transform.cpp">
      <Filter>Source Files\Skeleton</Filter>
    </ClCompile>
    <ClCompile Include="scl_resource_manager.cpp">
      <Filter>Source Files\Resources</Filter>
    </ClCompile>
    <ClCompile Include="scl_resources.cpp">
      <Filter>Source Files\Resources</Filter>
    </ClCompile>
    <ClCompile Include="scl_camera.cpp">
      <Filter>Source Files\Rendering</Filter>
    </ClCompile>
    <ClCompile Include="scl_shader_program.cpp">
      <Filter>Source Files\Rendering</Filter>
    </ClCompile>
    <ClCompile Include="scl_sprite_drawer.cpp">
      <Filter>Source Files\Rendering</Filter>
    </ClCompile>
    <ClCompile Include="scl_visual_manager.cpp">
      <Filter>Source Files\Rendering</Filter>
    </ClCompile>
    <ClCompile Include="scl_bullet.cpp">
      <Filter>Source Files\Player</Filter>
    </ClCompile>
    <ClCompile Include="scl_player.cpp">
      <Filter>Source Files\Player</Filter>
    </ClCompile>
    <ClCompile Include="scl_map_item.cpp">
      <Filter>Source Files\Map</Filter>
    </ClCompile>
    <ClCompile Include="scl_map_manager.cpp">
      <Filter>Source Files\Map</Filter>
    </ClCompile>
    <ClCompile Include="scl_enemy.cpp">
      <Filter>Source Files\Enemy</Filter>
    </ClCompile>
    <ClCompile Include="scl_enemy_manager.cpp">
      <Filter>Source Files\Enemy</Filter>
    </ClCompile>
  </ItemGroup>
  <ItemGroup>
    <ClInclude Include="scl_input_manager.h">
      <Filter>Header Files</Filter>
    </ClInclude>
    <ClInclude Include="scl_main.h">
      <Filter>Header Files</Filter>
    </ClInclude>
    <ClInclude Include="scl_enemy.h">
      <Filter>Header Files\Enemy</Filter>
    </ClInclude>
    <ClInclude Include="scl_enemy_manager.h">
      <Filter>Header Files\Enemy</Filter>
    </ClInclude>
    <ClInclude Include="scl_map_item.h">
      <Filter>Header Files\Map</Filter>
    </ClInclude>
    <ClInclude Include="scl_map_manager.h">
      <Filter>Header Files\Map</Filter>
    </ClInclude>
    <ClInclude Include="scl_game_manager.h">
      <Filter>Header Files</Filter>
    </ClInclude>
    <ClInclude Include="scl_pico_png.h">
      <Filter>Header Files\Not Mine</Filter>
    </ClInclude>
    <ClInclude Include="scl_bullet.h">
      <Filter>Header Files\Player</Filter>
    </ClInclude>
    <ClInclude Include="scl_player.h">
      <Filter>Header Files\Player</Filter>
    </ClInclude>
    <ClInclude Include="scl_camera.h">
      <Filter>Header Files\Rendering</Filter>
    </ClInclude>
    <ClInclude Include="scl_shader_program.h">
      <Filter>Header Files\Rendering</Filter>
    </ClInclude>
    <ClInclude Include="scl_sprite.h">
      <Filter>Header Files\Rendering</Filter>
    </ClInclude>
    <ClInclude Include="scl_sprite_drawer.h">
      <Filter>Header Files\Rendering</Filter>
    </ClInclude>
    <ClInclude Include="scl_texture.h">
      <Filter>Header Files\Rendering</Filter>
    </ClInclude>
    <ClInclude Include="scl_vertex.h">
      <Filter>Header Files\Rendering</Filter>
    </ClInclude>
    <ClInclude Include="scl_visual_manager.h">
      <Filter>Header Files\Rendering</Filter>
    </ClInclude>
    <ClInclude Include="scl_resource_manager.h">
      <Filter>Header Files\Resources</Filter>
    </ClInclude>
    <ClInclude Include="scl_resources.h">
      <Filter>Header Files\Resources</Filter>
    </ClInclude>
    <ClInclude Include="scl_game_object.h">
      <Filter>Header Files\Skeleton</Filter>
    </ClInclude>
    <ClInclude Include="scl_grid.h">
      <Filter>Header Files\Skeleton</Filter>
    </ClInclude>
    <ClInclude Include="scl_move_dir.h">
      <Filter>Header Files\Skeleton</Filter>
    </ClInclude>
    <ClInclude Include="scl_random.h">
      <Filter>Header Files\Skeleton</Filter>
    </ClInclude>
    <ClInclude Include="scl_tansform.h">
      <Filter>Header Files\Skeleton</Filter>
    </ClInclude>
    <ClInclude Include="scl_text.h">
      <Filter>Header Files\UI</Filter>
    </ClInclude>
    <ClInclude Include="scl_ui_manager.h">
      <Filter>Header Files\UI</Filter>
    </ClInclude>
    <ClInclude Include="scl_game_constants.h">
      <Filter>Header Files</Filter>
    </ClInclude>
  </ItemGroup>
</Project>